{
    "name": "cid-bracket",
    "version": "0.1.0",
    "lockfileVersion": 3,
    "requires": true,
    "packages": {
        "": {
            "name": "cid-bracket",
            "version": "0.1.0",
            "dependencies": {
                "http-server": "^14.1.1"
            },
            "devDependencies": {}
        },
        "node_modules/basic-auth": {
            "version": "2.0.1",
            "resolved": "https://npm.yandex-team.ru/basic-auth/-/basic-auth-2.0.1.tgz?rbtorrent=a8698597b871cd2e1dbd1685d986d176d22ddc94",
            "integrity": "sha512-NF+epuEdnUYVlGuhaxbbq+dvJttwLnGY+YixlXlME5KpQ5W3CnXA5cVTneY3SPbPDRkcjMbifrwmFYcClgOZeg==",
            "license": "MIT",
            "dependencies": {
                "safe-buffer": "5.1.2"
            },
            "engines": {
                "node": ">= 0.8"
            }
        },
        "node_modules/call-bind": {
            "version": "1.0.5",
            "resolved": "https://npm.yandex-team.ru/call-bind/-/call-bind-1.0.5.tgz?rbtorrent=12954112f0b24c8ab686bc33b807d827f0218830",
            "integrity": "sha512-C3nQxfFZxFRVoJoGKKI8y3MOEo129NQ+FgQ08iye+Mk4zNZZGdjfs06bVTr+DBSlA66Q2VEcMki/cUCP4SercQ==",
            "license": "MIT",
            "dependencies": {
                "function-bind": "^1.1.2",
                "get-intrinsic": "^1.2.1",
                "set-function-length": "^1.1.1"
            },
            "funding": {
                "url": "https://github.com/sponsors/ljharb"
            }
        },
        "node_modules/corser": {
            "version": "2.0.1",
            "resolved": "https://npm.yandex-team.ru/corser/-/corser-2.0.1.tgz?rbtorrent=3a78ea01b66634f4d0aeca2c9fc7374f2b2e148c",
            "integrity": "sha1-jtolLsqrWEDc2XXOuQ2TcMgZ/4c=",
            "license": "MIT",
            "engines": {
                "node": ">= 0.4.0"
            }
        },
        "node_modules/define-data-property": {
            "version": "1.1.1",
            "resolved": "https://npm.yandex-team.ru/define-data-property/-/define-data-property-1.1.1.tgz?rbtorrent=556eeda11f79edb3ef5ab050f69c9ccfcc4e8f68",
            "integrity": "sha512-E7uGkTzkk1d0ByLeSc6ZsFS79Axg+m1P/VsgYsxHgiuc3tFSj+MjMIwe90FC4lOAZzNBdY7kkO2P2wKdsQ1vgQ==",
            "license": "MIT",
            "dependencies": {
                "get-intrinsic": "^1.2.1",
                "gopd": "^1.0.1",
                "has-property-descriptors": "^1.0.0"
            },
            "engines": {
                "node": ">= 0.4"
            }
        },
        "node_modules/follow-redirects": {
            "version": "1.15.3",
            "resolved": "https://npm.yandex-team.ru/follow-redirects/-/follow-redirects-1.15.3.tgz?rbtorrent=01993df65a8f1960e7cd3a792680874d9916f132",
            "integrity": "sha512-1VzOtuEM8pC9SFU1E+8KfTjZyMztRsgEfwQl44z8A25uy13jSzTj6dyK2Df52iV0vgHCfBwLhDWevLn95w5v6Q==",
            "funding": [
                {
                    "type": "individual",
                    "url": "https://github.com/sponsors/RubenVerborgh"
                }
            ],
            "license": "MIT",
            "engines": {
                "node": ">=4.0"
            },
            "peerDependenciesMeta": {
                "debug": {
                    "optional": true
                }
            }
        },
        "node_modules/function-bind": {
            "version": "1.1.2",
            "resolved": "https://npm.yandex-team.ru/function-bind/-/function-bind-1.1.2.tgz?rbtorrent=423982b67750a5091c8f795109f07009f2be6eac",
            "integrity": "sha512-7XHNxH7qX9xG5mIwxkhumTox/MIRNcOgDrxWsMt2pAr23WHp6MrRlN7FBSFpCpr+oVO0F744iUgR82nJMfG2SA==",
            "license": "MIT",
            "funding": {
                "url": "https://github.com/sponsors/ljharb"
            }
        },
        "node_modules/get-intrinsic": {
            "version": "1.2.2",
            "resolved": "https://npm.yandex-team.ru/get-intrinsic/-/get-intrinsic-1.2.2.tgz?rbtorrent=92f95234aa57ff0cb51b2b7aa1dde8a2b62d04ff",
            "integrity": "sha512-0gSo4ml/0j98Y3lngkFEot/zhiCeWsbYIlZ+uZOVgzLyLaUw7wxUL+nCTP0XJvJg1AXulJRI3UJi8GsbDuxdGA==",
            "license": "MIT",
            "dependencies": {
                "function-bind": "^1.1.2",
                "has-proto": "^1.0.1",
                "has-symbols": "^1.0.3",
                "hasown": "^2.0.0"
            },
            "funding": {
                "url": "https://github.com/sponsors/ljharb"
            }
        },
        "node_modules/gopd": {
            "version": "1.0.1",
            "resolved": "https://npm.yandex-team.ru/gopd/-/gopd-1.0.1.tgz?rbtorrent=88ccdf42019c9ac1c42cb81e13a4c49484fb84c3",
            "integrity": "sha512-d65bNlIadxvpb/A2abVdlqKqV563juRnZ1Wtk6s1sIR8uNsXR70xqIzVqxVf1eTqDunwT2MkczEeaezCKTZhwA==",
            "license": "MIT",
            "dependencies": {
                "get-intrinsic": "^1.1.3"
            },
            "funding": {
                "url": "https://github.com/sponsors/ljharb"
            }
        },
        "node_modules/has-property-descriptors": {
            "version": "1.0.1",
            "resolved": "https://npm.yandex-team.ru/has-property-descriptors/-/has-property-descriptors-1.0.1.tgz?rbtorrent=9831a663b5be02525bde413fa6a27bbc9868879c",
            "integrity": "sha512-VsX8eaIewvas0xnvinAe9bw4WfIeODpGYikiWYLH+dma0Jw6KHYqWiWfhQlgOVK8D6PvjubK5Uc4P0iIhIcNVg==",
            "license": "MIT",
            "dependencies": {
                "get-intrinsic": "^1.2.2"
            },
            "funding": {
                "url": "https://github.com/sponsors/ljharb"
            }
        },
        "node_modules/has-proto": {
            "version": "1.0.1",
            "resolved": "https://npm.yandex-team.ru/has-proto/-/has-proto-1.0.1.tgz?rbtorrent=63f991d48715970c32767d89f14058a4b4ab46df",
            "integrity": "sha512-7qE+iP+O+bgF9clE5+UoBFzE65mlBiVj3tKCrlNQ0Ogwm0BjpT/gK4SlLYDMybDh5I3TCTKnPPa0oMG7JDYrhg==",
            "license": "MIT",
            "engines": {
                "node": ">= 0.4"
            },
            "funding": {
                "url": "https://github.com/sponsors/ljharb"
            }
        },
        "node_modules/has-symbols": {
            "version": "1.0.3",
            "resolved": "https://npm.yandex-team.ru/has-symbols/-/has-symbols-1.0.3.tgz?rbtorrent=14a1a3262fe08d2bd4de531380bca7d8c83866fd",
            "integrity": "sha512-l3LCuF6MgDNwTDKkdYGEihYjt5pRPbEg46rtlmnSPlUbgmB8LOIrKJbYYFBSbnPaJexMKtiPO8hmeRjRz2Td+A==",
            "license": "MIT",
            "engines": {
                "node": ">= 0.4"
            },
            "funding": {
                "url": "https://github.com/sponsors/ljharb"
            }
        },
        "node_modules/hasown": {
            "version": "2.0.0",
            "resolved": "https://npm.yandex-team.ru/hasown/-/hasown-2.0.0.tgz?rbtorrent=6121045bbb8a2d5672ee4f486e05dbd30584ed7a",
            "integrity": "sha512-vUptKVTpIJhcczKBbgnS+RtcuYMB8+oNzPK2/Hp3hanz8JmpATdmmgLgSaadVREkDm+e2giHwY3ZRkyjSIDDFA==",
            "license": "MIT",
            "dependencies": {
                "function-bind": "^1.1.2"
            },
            "engines": {
                "node": ">= 0.4"
            }
        },
        "node_modules/he": {
            "version": "1.2.0",
            "resolved": "https://npm.yandex-team.ru/he/-/he-1.2.0.tgz?rbtorrent=065c76aa0a0ff80d9212f522463744ab1c9d42b5",
            "integrity": "sha512-F/1DnUGPopORZi0ni+CvrCgHQ5FyEAHRLSApuYWMmrbSwoN2Mn/7k+Gl38gJnR7yyDZk6WLXwiGod1JOWNDKGw==",
            "license": "MIT",
            "bin": {
                "he": "bin/he"
            }
        },
        "node_modules/html-encoding-sniffer": {
            "version": "3.0.0",
            "resolved": "https://npm.yandex-team.ru/html-encoding-sniffer/-/html-encoding-sniffer-3.0.0.tgz?rbtorrent=aa916da7fb3c23216f988759d91c67206ba15993",
            "integrity": "sha512-oWv4T4yJ52iKrufjnyZPkrN0CH3QnrUqdB6In1g5Fe1mia8GmF36gnfNySxoZtxD5+NmYw1EElVXiBk93UeskA==",
            "license": "MIT",
            "dependencies": {
                "whatwg-encoding": "^2.0.0"
            },
            "engines": {
                "node": ">=12"
            }
        },
        "node_modules/http-server": {
            "version": "14.1.1",
            "resolved": "https://npm.yandex-team.ru/http-server/-/http-server-14.1.1.tgz?rbtorrent=2e0f8f4721330bf9fa942e4f9733947025829a68",
            "integrity": "sha512-+cbxadF40UXd9T01zUHgA+rlo2Bg1Srer4+B4NwIHdaGxAGGv59nYRnGGDJ9LBk7alpS0US+J+bLLdQOOkJq4A==",
            "license": "MIT",
            "dependencies": {
                "basic-auth": "^2.0.1",
                "chalk": "^4.1.2",
                "corser": "^2.0.1",
                "he": "^1.2.0",
                "html-encoding-sniffer": "^3.0.0",
                "http-proxy": "^1.18.1",
                "mime": "^1.6.0",
                "minimist": "^1.2.6",
                "opener": "^1.5.1",
                "portfinder": "^1.0.28",
                "secure-compare": "3.0.1",
                "union": "~0.5.0",
                "url-join": "^4.0.1"
            },
            "bin": {
                "http-server": "bin/http-server"
            },
            "engines": {
                "node": ">=12"
            }
        },
        "node_modules/http-server/node_modules/ansi-styles": {
            "version": "4.3.0",
            "resolved": "https://npm.yandex-team.ru/ansi-styles/-/ansi-styles-4.3.0.tgz?rbtorrent=71a8bd57f3f3a63a5b0ae879a761b238bb3dd3d7",
            "integrity": "sha512-zbB9rCJAT1rbjiVDb2hqKFHNYLxgtk8NURxZ3IZwD3F6NtxbXZQCnnSi1Lkx+IDohdPlFp222wVALIheZJQSEg==",
            "license": "MIT",
            "dependencies": {
                "color-convert": "^2.0.1"
            },
            "engines": {
                "node": ">=8"
            },
            "funding": {
                "url": "https://github.com/chalk/ansi-styles?sponsor=1"
            }
        },
        "node_modules/http-server/node_modules/chalk": {
            "version": "4.1.2",
            "resolved": "https://npm.yandex-team.ru/chalk/-/chalk-4.1.2.tgz?rbtorrent=c439e9071a40e546e84d959fa7090597ededbce4",
            "integrity": "sha512-oKnbhFyRIXpUuez8iBMmyEa4nbj4IOQyuhc/wy9kY7/WVPcwIO9VA668Pu8RkO7+0G76SLROeyw9CpQ061i4mA==",
            "license": "MIT",
            "dependencies": {
                "ansi-styles": "^4.1.0",
                "supports-color": "^7.1.0"
            },
            "engines": {
                "node": ">=10"
            },
            "funding": {
                "url": "https://github.com/chalk/chalk?sponsor=1"
            }
        },
        "node_modules/http-server/node_modules/color-convert": {
            "version": "2.0.1",
            "resolved": "https://npm.yandex-team.ru/color-convert/-/color-convert-2.0.1.tgz?rbtorrent=769fb795063f259bce31a9f20fc15b0d42646b2e",
            "integrity": "sha512-RRECPsj7iu/xb5oKYcsFHSppFNnsj/52OVTRKb4zP5onXwVF3zVmmToNcOfGC+CRDpfK/U584fMg38ZHCaElKQ==",
            "license": "MIT",
            "dependencies": {
                "color-name": "~1.1.4"
            },
            "engines": {
                "node": ">=7.0.0"
            }
        },
        "node_modules/http-server/node_modules/color-name": {
            "version": "1.1.4",
            "resolved": "https://npm.yandex-team.ru/color-name/-/color-name-1.1.4.tgz?rbtorrent=bfe35c629295f687cdeea3875ee112eb55eb6b93",
            "integrity": "sha512-dOy+3AuW3a2wNbZHIuMZpTcgjGuLU/uBL/ubcZF9OXbDo8ff4O8yVp5Bf0efS8uEoYo5q4Fx7dY9OgQGXgAsQA==",
            "license": "MIT"
        },
        "node_modules/http-server/node_modules/eventemitter3": {
            "version": "4.0.7",
            "resolved": "https://npm.yandex-team.ru/eventemitter3/-/eventemitter3-4.0.7.tgz?rbtorrent=0d34e7c3d4a8870f6171c26a1dcab00c36015abf",
            "integrity": "sha512-8guHBZCwKnFhYdHr2ysuRWErTwhoN2X8XELRlrRwpmfeY2jjuUN4taQMsULKUVo1K4DvZl+0pgfyoysHxvmvEw==",
            "license": "MIT"
        },
        "node_modules/http-server/node_modules/has-flag": {
            "version": "4.0.0",
            "resolved": "https://npm.yandex-team.ru/has-flag/-/has-flag-4.0.0.tgz?rbtorrent=0ed67d1d919c403863c5cdb7bfc454f49a1daff2",
            "integrity": "sha512-EykJT/Q1KjTWctppgIAgfSO0tKVuZUjhgMr17kqTumMl6Afv3EISleU7qZUzoXDFTAHTDC4NOoG/ZxU3EvlMPQ==",
            "license": "MIT",
            "engines": {
                "node": ">=8"
            }
        },
        "node_modules/http-server/node_modules/http-proxy": {
            "version": "1.18.1",
            "resolved": "https://npm.yandex-team.ru/http-proxy/-/http-proxy-1.18.1.tgz?rbtorrent=f3b9a36b11986addf72f89ac49ec5190e00d4b54",
            "integrity": "sha512-7mz/721AbnJwIVbnaSv1Cz3Am0ZLT/UBwkC92VlxhXv/k/BBQfM2fXElQNC27BVGr0uwUpplYPQM9LnaBMR5NQ==",
            "license": "MIT",
            "dependencies": {
                "eventemitter3": "^4.0.0",
                "follow-redirects": "^1.0.0",
                "requires-port": "^1.0.0"
            },
            "engines": {
                "node": ">=8.0.0"
            }
        },
        "node_modules/http-server/node_modules/mime": {
            "version": "1.6.0",
            "resolved": "https://npm.yandex-team.ru/mime/-/mime-1.6.0.tgz?rbtorrent=2e4f9e69f07040a5800dfea8e3d043e637d69b02",
            "integrity": "sha512-x0Vn8spI+wuJ1O6S7gnbaQg8Pxh4NNHb7KSINmEWKiPE4RKOplvijn+NkmYmmRgP68mc70j2EbeTFRsrswaQeg==",
            "license": "MIT",
            "bin": {
                "mime": "cli.js"
            },
            "engines": {
                "node": ">=4"
            }
        },
        "node_modules/http-server/node_modules/supports-color": {
            "version": "7.2.0",
            "resolved": "https://npm.yandex-team.ru/supports-color/-/supports-color-7.2.0.tgz?rbtorrent=e7f638facdd8140ba916f4748a83127946d9ba10",
            "integrity": "sha512-qpCAvRl9stuOHveKsn7HncJRvv501qIacKzQlO/+Lwxc9+0q2wLyv4Dfvt80/DPn2pqOBsJdDiogXGR9+OvwRw==",
            "license": "MIT",
            "dependencies": {
                "has-flag": "^4.0.0"
            },
            "engines": {
                "node": ">=8"
            }
        },
        "node_modules/iconv-lite": {
            "version": "0.6.3",
            "resolved": "https://npm.yandex-team.ru/iconv-lite/-/iconv-lite-0.6.3.tgz?rbtorrent=81e0cc344f80a5a545cf5e673ef2fd10f1ee9233",
            "integrity": "sha512-4fCk79wshMdzMp2rH06qWrJE4iolqLhCUH+OiuIgU++RB0+94NlDL81atO7GX55uUKueo0txHNtvEyI6D7WdMw==",
            "license": "MIT",
            "dependencies": {
                "safer-buffer": ">= 2.1.2 < 3.0.0"
            },
            "engines": {
                "node": ">=0.10.0"
            }
        },
        "node_modules/minimist": {
            "version": "1.2.8",
            "resolved": "https://npm.yandex-team.ru/minimist/-/minimist-1.2.8.tgz?rbtorrent=37c3ed4ebd14901a5c1e7666131bdfedac287a16",
            "integrity": "sha512-2yyAR8qBkN3YuheJanUpWC5U3bb5osDywNB8RzDVlDwDHbocAJveqqj1u8+SVD7jkWT4yvsHCpWqqWqAxb0zCA==",
            "license": "MIT",
            "funding": {
                "url": "https://github.com/sponsors/ljharb"
            }
        },
        "node_modules/mkdirp": {
            "version": "0.5.6",
            "resolved": "https://npm.yandex-team.ru/mkdirp/-/mkdirp-0.5.6.tgz?rbtorrent=79930ac902be912db6604b783c28aeb764ac5e92",
            "integrity": "sha512-FP+p8RB8OWpF3YZBCrP5gtADmtXApB5AMLn+vdyA+PyxCjrCs00mjyUozssO33cwDeT3wNGdLxJ5M//YqtHAJw==",
            "license": "MIT",
            "dependencies": {
                "minimist": "^1.2.6"
            },
            "bin": {
                "mkdirp": "bin/cmd.js"
            }
        },
        "node_modules/object-inspect": {
            "version": "1.13.1",
            "resolved": "https://npm.yandex-team.ru/object-inspect/-/object-inspect-1.13.1.tgz?rbtorrent=831a293fd5942bf6b4886c3d337329cb1bb364e1",
            "integrity": "sha512-5qoj1RUiKOMsCCNLV1CBiPYE10sziTsnmNxkAI/rZhiD63CF7IqdFGC/XzjWjpSgLf0LxXX3bDFIh0E18f6UhQ==",
            "license": "MIT",
            "funding": {
                "url": "https://github.com/sponsors/ljharb"
            }
        },
        "node_modules/opener": {
            "version": "1.5.2",
            "resolved": "https://npm.yandex-team.ru/opener/-/opener-1.5.2.tgz?rbtorrent=f20a2e0875d31a25cf61a93352b5f690dd038ec3",
            "integrity": "sha512-ur5UIdyw5Y7yEj9wLzhqXiy6GZ3Mwx0yGI+5sMn2r0N0v3cKJvUmFH5yPP+WXh9e0xfyzyJX95D8l088DNFj7A==",
            "license": "(WTFPL OR MIT)",
            "bin": {
                "opener": "bin/opener-bin.js"
            }
        },
        "node_modules/portfinder": {
            "version": "1.0.32",
            "resolved": "https://npm.yandex-team.ru/portfinder/-/portfinder-1.0.32.tgz?rbtorrent=48372b591b00977bb37349f24992da0b343b7513",
            "integrity": "sha512-on2ZJVVDXRADWE6jnQaX0ioEylzgBpQk8r55NE4wjXW1ZxO+BgDlY6DXwj20i0V8eB4SenDQ00WEaxfiIQPcxg==",
            "license": "MIT",
            "dependencies": {
                "async": "^2.6.4",
                "debug": "^3.2.7",
                "mkdirp": "^0.5.6"
            },
            "engines": {
                "node": ">= 0.12.0"
            }
        },
        "node_modules/portfinder/node_modules/async": {
            "version": "2.6.4",
            "resolved": "https://npm.yandex-team.ru/async/-/async-2.6.4.tgz?rbtorrent=24a92a336388c6f03a9b5371ef87f338b80a633c",
            "integrity": "sha512-mzo5dfJYwAn29PeiJ0zvwTo04zj8HDJj0Mn8TD7sno7q12prdbnasKJHhkm2c1LgrhlJ0teaea8860oxi51mGA==",
            "license": "MIT",
            "dependencies": {
                "lodash": "^4.17.14"
            }
        },
        "node_modules/portfinder/node_modules/debug": {
            "version": "3.2.7",
            "resolved": "https://npm.yandex-team.ru/debug/-/debug-3.2.7.tgz?rbtorrent=536d1f9e848d8ab7f18c5b581a8d331fd7697139",
            "integrity": "sha512-CFjzYYAi4ThfiQvizrFQevTTXHtnCqWfe7x1AhgEscTz6ZbLbfoLRLPugTQyBth6f8ZERVUSyWHFD/7Wu4t1XQ==",
            "license": "MIT",
            "dependencies": {
                "ms": "^2.1.1"
            }
        },
        "node_modules/portfinder/node_modules/lodash": {
            "version": "4.17.21",
            "resolved": "https://npm.yandex-team.ru/lodash/-/lodash-4.17.21.tgz?rbtorrent=921df2c64b0e0e10268c2e02b54834c8601e493d",
            "integrity": "sha512-v2kDEe57lecTulaDIuNTPy3Ry4gLGJ6Z1O3vE1krgXZNrsQ+LFTGHVxVjcXPs17LhbZVGedAJv8XZ1tvj5FvSg==",
            "license": "MIT"
        },
        "node_modules/portfinder/node_modules/ms": {
            "version": "2.1.3",
            "resolved": "https://npm.yandex-team.ru/ms/-/ms-2.1.3.tgz?rbtorrent=c0db1b8d3743f39d06054864041516e9b7ac9a4c",
            "integrity": "sha512-6FlzubTLZG3J2a/NVCAleEhjzq5oxgHyaCU9yYXvcLsvoVaHJq/s5xXI6/XXP6tz7R9xAOtHnSO/tXtF3WRTlA==",
            "license": "MIT"
        },
        "node_modules/requires-port": {
            "version": "1.0.0",
            "resolved": "http://storage.mds.yandex.net/get-npm/69187/requires-port-1.0.0.tgz",
            "integrity": "sha1-kl0mAdOaxIXgkc8NpcbmlNw9yv8=",
            "license": "MIT"
        },
        "node_modules/safe-buffer": {
            "version": "5.1.2",
            "resolved": "http://storage.mds.yandex.net/get-npm/69187/safe-buffer-5.1.2.tgz",
            "integrity": "sha512-Gd2UZBJDkXlY7GbJxfsE8/nvKkUEU1G38c1siN6QP6a9PT9MmHB8GnpscSmMJSoF8LOIrt8ud/wPtojys4G6+g==",
            "license": "MIT"
        },
        "node_modules/safer-buffer": {
            "version": "2.1.2",
            "resolved": "http://storage.mds.yandex.net/get-npm/38095/safer-buffer-2.1.2.tgz",
            "integrity": "sha512-YZo3K82SD7Riyi0E1EQPojLz7kpepnSQI9IyPbHHg1XXXevb5dJI7tpyN2ADxGcQbHG7vcyRHk0cbwqcQriUtg==",
            "license": "MIT"
        },
        "node_modules/secure-compare": {
            "version": "3.0.1",
            "resolved": "https://npm.yandex-team.ru/secure-compare/-/secure-compare-3.0.1.tgz?rbtorrent=0593aa8d620b70c4c2ef3b2ba47838cf30adc783",
            "integrity": "sha1-8aAymzCLIh+uN7mXTz1XjQypmeM=",
            "license": "MIT"
        },
        "node_modules/set-function-length": {
            "version": "1.1.1",
            "resolved": "https://npm.yandex-team.ru/set-function-length/-/set-function-length-1.1.1.tgz?rbtorrent=ff84cb65f456248dbac17fa7248e4cc002f190ee",
            "integrity": "sha512-VoaqjbBJKiWtg4yRcKBQ7g7wnGnLV3M8oLvVWwOk2PdYY6PEFegR1vezXR0tw6fZGF9csVakIRjrJiy2veSBFQ==",
            "license": "MIT",
            "dependencies": {
                "define-data-property": "^1.1.1",
                "get-intrinsic": "^1.2.1",
                "gopd": "^1.0.1",
                "has-property-descriptors": "^1.0.0"
            },
            "engines": {
                "node": ">= 0.4"
            }
        },
        "node_modules/side-channel": {
            "version": "1.0.4",
            "resolved": "https://npm.yandex-team.ru/side-channel/-/side-channel-1.0.4.tgz?rbtorrent=4f570c2c2f9648a39ea45ba03c58c9f92831d724",
            "integrity": "sha512-q5XPytqFEIKHkGdiMIrY10mvLRvnQh42/+GoBlFW3b2LXLE2xxJpZFdm94we0BaoV3RwJyGqg5wS7epxTv0Zvw==",
            "license": "MIT",
            "dependencies": {
                "call-bind": "^1.0.0",
                "get-intrinsic": "^1.0.2",
                "object-inspect": "^1.9.0"
            },
            "funding": {
                "url": "https://github.com/sponsors/ljharb"
            }
        },
        "node_modules/union": {
            "version": "0.5.0",
            "resolved": "https://npm.yandex-team.ru/union/-/union-0.5.0.tgz?rbtorrent=35ced763ada83cd127a70ca8534ab9d69ec9d9d9",
            "integrity": "sha512-N6uOhuW6zO95P3Mel2I2zMsbsanvvtgn6jVqJv4vbVcz/JN0OkL9suomjQGmWtxJQXOCqUJvquc1sMeNz/IwlA==",
            "dependencies": {
                "qs": "^6.4.0"
            },
            "engines": {
                "node": ">= 0.8.0"
            }
        },
        "node_modules/union/node_modules/qs": {
            "version": "6.11.2",
            "resolved": "https://npm.yandex-team.ru/qs/-/qs-6.11.2.tgz?rbtorrent=ad22cd05865ffa1379320116ff6364772530b292",
            "integrity": "sha512-tDNIz22aBzCDxLtVH++VnTfzxlfeK5CbqohpSqpJgj1Wg/cQbStNAz3NuqCs5vV+pjBsK4x4pN9HlVh7rcYRiA==",
            "license": "BSD-3-Clause",
            "dependencies": {
                "side-channel": "^1.0.4"
            },
            "engines": {
                "node": ">=0.6"
            },
            "funding": {
                "url": "https://github.com/sponsors/ljharb"
            }
        },
        "node_modules/url-join": {
            "version": "4.0.1",
            "resolved": "https://npm.yandex-team.ru/url-join/-/url-join-4.0.1.tgz?rbtorrent=affbb3ac8c642d5e53d09236ebc89edc5510c5b9",
            "integrity": "sha512-jk1+QP6ZJqyOiuEI9AEWQfju/nB2Pw466kbA0LEZljHwKeMgd9WrAEgEGxjPDD2+TNbbb37rTyhEfrCXfuKXnA==",
            "license": "MIT"
        },
        "node_modules/whatwg-encoding": {
            "version": "2.0.0",
            "resolved": "https://npm.yandex-team.ru/whatwg-encoding/-/whatwg-encoding-2.0.0.tgz?rbtorrent=798f98aecf1a2548c8783499c54cc915924ff408",
            "integrity": "sha512-p41ogyeMUrw3jWclHWTQg1k05DSVXPLcVxRTYsXUk+ZooOCZLcoYgPZ/HL/D/N+uQPOtcp1me1WhBEaX02mhWg==",
            "license": "MIT",
            "dependencies": {
                "iconv-lite": "0.6.3"
            },
            "engines": {
                "node": ">=12"
            }
        }
    }
}
